
Microsoft Visual Studio Solution File, Format Version 12.00
# Visual Studio Version 17
VisualStudioVersion = 17.14.36109.1 d17.14
MinimumVisualStudioVersion = 10.0.40219.1
Project("{FAE04EC0-301F-11D3-BF4B-00C04F79EFBC}") = "ex06_ExecuteAplication", "ex06_ExecuteAplication.csproj", "{E9688C01-6A2B-26A3-EF51-6C70D140D503}"
EndProject
Global
	GlobalSection(SolutionConfigurationPlatforms) = preSolution
		Debug|Any CPU = Debug|Any CPU
		Release|Any CPU = Release|Any CPU
	EndGlobalSection
	GlobalSection(ProjectConfigurationPlatforms) = postSolution
		{E9688C01-6A2B-26A3-EF51-6C70D140D503}.Debug|Any CPU.ActiveCfg = Debug|Any CPU
		{E9688C01-6A2B-26A3-EF51-6C70D140D503}.Debug|Any CPU.Build.0 = Debug|Any CPU
		{E9688C01-6A2B-26A3-EF51-6C70D140D503}.Release|Any CPU.ActiveCfg = Release|Any CPU
		{E9688C01-6A2B-26A3-EF51-6C70D140D503}.Release|Any CPU.Build.0 = Release|Any CPU
	EndGlobalSection
	GlobalSection(SolutionProperties) = preSolution
		HideSolutionNode = FALSE
	EndGlobalSection
	GlobalSection(ExtensibilityGlobals) = postSolution
		SolutionGuid = {6D4E5C3B-2A15-42E4-AC69-3D2E01696210}
	EndGlobalSection
EndGlobal
